{
  "name": "yapi",
  "version": "1.11.0",
  "lockfileVersion": 3,
  "requires": true,
  "packages": {
    "": {
      "name": "yapi",
      "version": "1.11.0",
      "license": "Apache-2.0",
      "workspaces": [
        "yapi-server",
        "yapi-client"
      ],
      "engines": {
        "node": ">= 18.0.0",
        "npm": ">= 8.0.0"
      }
    },
    "client": {
      "version": "0.1.0",
      "extraneous": true,
      "dependencies": {
        "@hookform/resolvers": "^5.4.0",
        "@mdxeditor/editor": "^4.0.1",
        "@monaco-editor/react": "^4.7.0",
        "@radix-ui/react-accordion": "^1.2.12",
        "@radix-ui/react-alert-dialog": "^1.1.15",
        "@radix-ui/react-aspect-ratio": "^1.1.8",
        "@radix-ui/react-avatar": "^1.1.11",
        "@radix-ui/react-checkbox": "^1.3.3",
        "@radix-ui/react-collapsible": "^1.1.12",
        "@radix-ui/react-context-menu": "^2.2.16",
        "@radix-ui/react-dialog": "^1.1.15",
        "@radix-ui/react-dropdown-menu": "^2.1.16",
        "@radix-ui/react-hover-card": "^1.1.15",
        "@radix-ui/react-label": "^2.1.8",
        "@radix-ui/react-menubar": "^1.1.16",
        "@radix-ui/react-navigation-menu": "^1.2.14",
        "@radix-ui/react-popover": "^1.1.15",
        "@radix-ui/react-progress": "^1.1.8",
        "@radix-ui/react-radio-group": "^1.3.8",
        "@radix-ui/react-scroll-area": "^1.2.10",
        "@radix-ui/react-select": "^2.2.6",
        "@radix-ui/react-separator": "^1.1.8",
        "@radix-ui/react-slider": "^1.3.6",
        "@radix-ui/react-slot": "^1.2.4",
        "@radix-ui/react-switch": "^1.2.6",
        "@radix-ui/react-tabs": "^1.1.13",
        "@radix-ui/react-toggle": "^1.1.10",
        "@radix-ui/react-toggle-group": "^1.1.11",
        "@radix-ui/react-tooltip": "^1.2.8",
        "class-variance-authority": "^0.7.1",
        "clsx": "^2.1.1",
        "cmdk": "^1.1.1",
        "date-fns": "^4.3.0",
        "embla-carousel-react": "^8.6.0",
        "input-otp": "^1.4.2",
        "lucide-react": "^1.16.0",
        "monaco-editor": "^0.55.1",
        "next": "^15.2.4",
        "next-themes": "^0.4.6",
        "react": "^19.0.0",
        "react-day-picker": "^10.0.1",
        "react-dom": "^19.0.0",
        "react-hook-form": "^7.76.1",
        "react-markdown": "^10.1.0",
        "react-resizable-panels": "^2.1.9",
        "recharts": "^2.15.4",
        "remark-gfm": "^4.0.1",
        "sonner": "^2.0.7",
        "tailwind-merge": "^3.6.0",
        "tailwindcss-animate": "^1.0.7",
        "vaul": "^1.1.2",
        "zod": "^4.4.3"
      },
      "devDependencies": {
        "@eslint/eslintrc": "^3",
        "@types/node": "^20",
        "@types/react": "^19",
        "@types/react-dom": "^19",
        "eslint": "^9",
        "eslint-config-next": "15.1.0",
        "postcss": "^8",
        "tailwindcss": "^3.4.1",
        "typescript": "^5"
      }
    },
    "server": {
      "name": "yapi-server",
      "version": "1.11.0",
      "extraneous": true,
      "license": "Apache-2.0",
      "dependencies": {
        "@hono/node-server": "^2.0.4",
        "@hono/node-ws": "^1.3.1",
        "ajv": "^5.5.1",
        "ajv-i18n": "^2.2.0",
        "ajv-keywords": "^5.1.0",
        "axios": "^1.8.4",
        "compare-versions": "^3.4.0",
        "cpu-load": "~1.0.0",
        "crypto-js": "^3.1.9-1",
        "dotenv": "^16.4.7",
        "easy-json-schema": "0.0.2-beta",
        "fs-extra": "^3.0.1",
        "generate-schema": "^2.6.0",
        "hono": "^4.12.22",
        "js-base64": "^2.5.2",
        "json-schema-editor-visual": "^1.0.23",
        "json-schema-faker": "0.5.0-rc16",
        "json-schema-ref-parser": "4.0.0",
        "json5": "0.5.1",
        "jsondiffpatch": "0.3.11",
        "jsonwebtoken": "^9.0.2",
        "jsrsasign": "^8.0.12",
        "ldapjs": "~2.3.3",
        "markdown-it": "8.4.0",
        "markdown-it-anchor": "4.0.0",
        "markdown-it-table-of-contents": "0.3.2",
        "md5": "~2.3.0",
        "mockjs": "^1.1.0",
        "moment": "^2.19.3",
        "node-schedule": "^1.3.2",
        "nodemailer": "4.0.1",
        "pg": "^8.16.0",
        "qs": "^6.7.0",
        "request": "2.81.0",
        "safeify": "^5.0.5",
        "sha.js": "2.4.9",
        "sha1": "1.1.1",
        "swagger-client": "~3.10.13",
        "underscore": "1.8.3",
        "url": "0.11.0"
      },
      "devDependencies": {
        "@types/fs-extra": "^11.0.4",
        "@types/jsonwebtoken": "^9.0.9",
        "@types/ldapjs": "^2.2.5",
        "@types/md5": "^2.3.5",
        "@types/node": "^18.15.5",
        "@types/nodemailer": "^6.4.17",
        "@types/pg": "^8.11.11",
        "@types/underscore": "^1.13.0",
        "ava": "^6.4.1",
        "cross-env": "^5.2.0",
        "nodemon": "^2.0.2",
        "tsx": "^4.19.4",
        "typescript": "^5.8.3"
      },
      "engines": {
        "node": ">= 18.0.0",
        "npm": ">= 8.0.0"
      }
    }
  }
}
